
Microsoft Visual Studio Solution File, Format Version 12.00
Project("{FAE04EC0-301F-11D3-BF4B-00C04F79EFBC}") = "HexClientProject", "HexClientProject\HexClientProject.csproj", "{003D9A54-56D5-4913-A133-982122E9983B}"
EndProject
Global
	GlobalSection(SolutionConfigurationPlatforms) = preSolution
		Debug|Any CPU = Debug|Any CPU
		Release|Any CPU = Release|Any CPU
	EndGlobalSection
	GlobalSection(ProjectConfigurationPlatforms) = postSolution
		{003D9A54-56D5-4913-A133-982122E9983B}.Debug|Any CPU.ActiveCfg = Debug|Any CPU
		{003D9A54-56D5-4913-A133-982122E9983B}.Debug|Any CPU.Build.0 = Debug|Any CPU
		{003D9A54-56D5-4913-A133-982122E9983B}.Release|Any CPU.ActiveCfg = Release|Any CPU
		{003D9A54-56D5-4913-A133-982122E9983B}.Release|Any CPU.Build.0 = Release|Any CPU
	EndGlobalSection
EndGlobal
